
Microsoft Visual Studio Solution File, Format Version 12.00
# Visual Studio 15
VisualStudioVersion = 15.0.28307.852
MinimumVisualStudioVersion = 10.0.40219.1
Project("{FAE04EC0-301F-11D3-BF4B-00C04F79EFBC}") = "NPM.Server", "NPM.Server\NPM.Server.csproj", "{D51A6E29-0173-405A-A400-5E7B8D8065D8}"
EndProject
Global
	GlobalSection(SolutionConfigurationPlatforms) = preSolution
		Debug|Any CPU = Debug|Any CPU
		Release|Any CPU = Release|Any CPU
	EndGlobalSection
	GlobalSection(ProjectConfigurationPlatforms) = postSolution
		{D51A6E29-0173-405A-A400-5E7B8D8065D8}.Debug|Any CPU.ActiveCfg = Debug|Any CPU
		{D51A6E29-0173-405A-A400-5E7B8D8065D8}.Debug|Any CPU.Build.0 = Debug|Any CPU
		{D51A6E29-0173-405A-A400-5E7B8D8065D8}.Release|Any CPU.ActiveCfg = Release|Any CPU
		{D51A6E29-0173-405A-A400-5E7B8D8065D8}.Release|Any CPU.Build.0 = Release|Any CPU
	EndGlobalSection
	GlobalSection(SolutionProperties) = preSolution
		HideSolutionNode = FALSE
	EndGlobalSection
	GlobalSection(ExtensibilityGlobals) = postSolution
		SolutionGuid = {589A9471-BF96-4E98-B06E-4A60F5F2A3A1}
	EndGlobalSection
EndGlobal
